
Microsoft Visual Studio Solution File, Format Version 12.00
# Visual Studio 15
VisualStudioVersion = 15.0.27130.2036
MinimumVisualStudioVersion = 10.0.40219.1
Project("{FAE04EC0-301F-11D3-BF4B-00C04F79EFBC}") = "Platformer", "Platformer\Platformer.csproj", "{978B9B42-2E74-43C1-8889-B1A93826705A}"
EndProject
Global
	GlobalSection(SolutionConfigurationPlatforms) = preSolution
		Debug|x86 = Debug|x86
		Release|x86 = Release|x86
	EndGlobalSection
	GlobalSection(ProjectConfigurationPlatforms) = postSolution
		{978B9B42-2E74-43C1-8889-B1A93826705A}.Debug|x86.ActiveCfg = Debug|x86
		{978B9B42-2E74-43C1-8889-B1A93826705A}.Debug|x86.Build.0 = Debug|x86
		{978B9B42-2E74-43C1-8889-B1A93826705A}.Release|x86.ActiveCfg = Release|x86
		{978B9B42-2E74-43C1-8889-B1A93826705A}.Release|x86.Build.0 = Release|x86
	EndGlobalSection
	GlobalSection(SolutionProperties) = preSolution
		HideSolutionNode = FALSE
	EndGlobalSection
	GlobalSection(ExtensibilityGlobals) = postSolution
		SolutionGuid = {7D427F8C-3241-4E5F-8802-D9DF9E7DB558}
	EndGlobalSection
EndGlobal
